
Microsoft Visual Studio Solution File, Format Version 12.00
# Visual Studio Version 16
VisualStudioVersion = 16.0.30523.141
MinimumVisualStudioVersion = 10.0.40219.1
Project("{FAE04EC0-301F-11D3-BF4B-00C04F79EFBC}") = "QuebrandoCifraVinegere", "QuebrandoCifraVinegere\QuebrandoCifraVinegere.csproj", "{6029AA31-5587-4FF1-8555-10B46E30B06D}"
EndProject
Global
	GlobalSection(SolutionConfigurationPlatforms) = preSolution
		Debug|Any CPU = Debug|Any CPU
		Release|Any CPU = Release|Any CPU
	EndGlobalSection
	GlobalSection(ProjectConfigurationPlatforms) = postSolution
		{6029AA31-5587-4FF1-8555-10B46E30B06D}.Debug|Any CPU.ActiveCfg = Debug|Any CPU
		{6029AA31-5587-4FF1-8555-10B46E30B06D}.Debug|Any CPU.Build.0 = Debug|Any CPU
		{6029AA31-5587-4FF1-8555-10B46E30B06D}.Release|Any CPU.ActiveCfg = Release|Any CPU
		{6029AA31-5587-4FF1-8555-10B46E30B06D}.Release|Any CPU.Build.0 = Release|Any CPU
	EndGlobalSection
	GlobalSection(SolutionProperties) = preSolution
		HideSolutionNode = FALSE
	EndGlobalSection
	GlobalSection(ExtensibilityGlobals) = postSolution
		SolutionGuid = {4600F17A-C845-4ED5-9354-54A9BDAC5FE5}
	EndGlobalSection
EndGlobal
